{
  "name": "notion-github-slack-sync",
  "version": "1.0.0",
  "lockfileVersion": 3,
  "requires": true,
  "packages": {
    "": {
      "name": "notion-github-slack-sync",
      "version": "1.0.0",
      "dependencies": {
        "@notionhq/client": "^3.1.2"
      },
      "engines": {
        "node": ">=20"
      }
    },
    "node_modules/@notionhq/client": {
      "version": "3.1.3",
      "resolved": "https://registry.npmjs.org/@notionhq/client/-/client-3.1.3.tgz",
      "integrity": "sha512-M2gVWoo1dIvBeX/Yc4fvQCVh2g3HQjOxKBWX472Qzma2VNMJV3cPLi0J0A4dmOlkcfNQLVXmhuh54zGHpptZ7g==",
      "license": "MIT",
      "engines": {
        "node": ">=18"
      }
    }
  }
}
